
Microsoft Visual Studio Solution File, Format Version 12.00
Project("{FAE04EC0-301F-11D3-BF4B-00C04F79EFBC}") = "ChatBotGPT", "ChatBotGPT\ChatBotGPT.csproj", "{E946822E-496B-400D-9276-02FB1CEBFADC}"
EndProject
Global
	GlobalSection(SolutionConfigurationPlatforms) = preSolution
		Debug|Any CPU = Debug|Any CPU
		Release|Any CPU = Release|Any CPU
	EndGlobalSection
	GlobalSection(ProjectConfigurationPlatforms) = postSolution
		{E946822E-496B-400D-9276-02FB1CEBFADC}.Debug|Any CPU.ActiveCfg = Debug|Any CPU
		{E946822E-496B-400D-9276-02FB1CEBFADC}.Debug|Any CPU.Build.0 = Debug|Any CPU
		{E946822E-496B-400D-9276-02FB1CEBFADC}.Release|Any CPU.ActiveCfg = Release|Any CPU
		{E946822E-496B-400D-9276-02FB1CEBFADC}.Release|Any CPU.Build.0 = Release|Any CPU
	EndGlobalSection
EndGlobal
